
Microsoft Visual Studio Solution File, Format Version 12.00
# Visual Studio Version 18
VisualStudioVersion = 18.6.11828.311 oobstable
MinimumVisualStudioVersion = 10.0.40219.1
Project("{FAE04EC0-301F-11D3-BF4B-00C04F79EFBC}") = "Always Daylight", "Always Daylight.csproj", "{B7D2DB87-8F8F-B7C6-3C1A-AAAB9415861F}"
EndProject
Global
	GlobalSection(SolutionConfigurationPlatforms) = preSolution
		Debug|Any CPU = Debug|Any CPU
		Release|Any CPU = Release|Any CPU
	EndGlobalSection
	GlobalSection(ProjectConfigurationPlatforms) = postSolution
		{B7D2DB87-8F8F-B7C6-3C1A-AAAB9415861F}.Debug|Any CPU.ActiveCfg = Debug|Any CPU
		{B7D2DB87-8F8F-B7C6-3C1A-AAAB9415861F}.Debug|Any CPU.Build.0 = Debug|Any CPU
		{B7D2DB87-8F8F-B7C6-3C1A-AAAB9415861F}.Release|Any CPU.ActiveCfg = Release|Any CPU
		{B7D2DB87-8F8F-B7C6-3C1A-AAAB9415861F}.Release|Any CPU.Build.0 = Release|Any CPU
	EndGlobalSection
	GlobalSection(SolutionProperties) = preSolution
		HideSolutionNode = FALSE
	EndGlobalSection
	GlobalSection(ExtensibilityGlobals) = postSolution
		SolutionGuid = {782CDCF9-71F7-4B43-8FC1-1DCD5A5C56DD}
	EndGlobalSection
EndGlobal
